Microsoft Visual Studio Solution File, Format Version 12.00
# Visual Studio Version 17
VisualStudioVersion = 17.5.2.0
MinimumVisualStudioVersion = 10.0.40219.1
Project("{2150E333-8FDC-42A3-9474-1A3956D46DE8}") = "dotnet_bridge", "dotnet_bridge", "{65999094-4342-BFF0-EFC7-58731268BB0C}"
EndProject
Project("{FAE04EC0-301F-11D3-BF4B-00C04F79EFBC}") = "GBRobotics.PythonBridge", "dotnet_bridge\GBRobotics.PythonBridge.csproj", "{D33EB271-135C-D909-D450-C4E064C98E87}"
EndProject
Global
	GlobalSection(SolutionConfigurationPlatforms) = preSolution
		Debug|Any CPU = Debug|Any CPU
		Release|Any CPU = Release|Any CPU
	EndGlobalSection
	GlobalSection(ProjectConfigurationPlatforms) = postSolution
		{D33EB271-135C-D909-D450-C4E064C98E87}.Debug|Any CPU.ActiveCfg = Debug|Any CPU
		{D33EB271-135C-D909-D450-C4E064C98E87}.Debug|Any CPU.Build.0 = Debug|Any CPU
		{D33EB271-135C-D909-D450-C4E064C98E87}.Release|Any CPU.ActiveCfg = Release|Any CPU
		{D33EB271-135C-D909-D450-C4E064C98E87}.Release|Any CPU.Build.0 = Release|Any CPU
	EndGlobalSection
	GlobalSection(SolutionProperties) = preSolution
		HideSolutionNode = FALSE
	EndGlobalSection
	GlobalSection(NestedProjects) = preSolution
		{D33EB271-135C-D909-D450-C4E064C98E87} = {65999094-4342-BFF0-EFC7-58731268BB0C}
	EndGlobalSection
	GlobalSection(ExtensibilityGlobals) = postSolution
		SolutionGuid = {19B19CB6-E63C-4C57-A4CF-9DD3E55A5FC8}
	EndGlobalSection
EndGlobal
